// !$*UTF8*$!
{
	archiveVersion = 1;
	classes = {
	};
	objectVersion = 56;
	objects = {

/* Begin PBXBuildFile section */
		264130E429C76C8600E3982D /* GFEmptyStateView.swift in Sources */ = {isa = PBXBuildFile; fileRef = 264130E329C76C8600E3982D /* GFEmptyStateView.swift */; };
		264130E629C7F55E00E3982D /* UserInfoVC.swift in Sources */ = {isa = PBXBuildFile; fileRef = 264130E529C7F55E00E3982D /* UserInfoVC.swift */; };
		2654220629BBBCB100C0F370 /* UIHelper.swift in Sources */ = {isa = PBXBuildFile; fileRef = 2654220529BBBCB000C0F370 /* UIHelper.swift */; };
		26B25A1A29C90C1600178183 /* GFError.swift in Sources */ = {isa = PBXBuildFile; fileRef = 26B25A1929C90C1600178183 /* GFError.swift */; };
		26BE972F29B3F7DA00682CD2 /* GFTittleLabel.swift in Sources */ = {isa = PBXBuildFile; fileRef = 26BE972E29B3F7DA00682CD2 /* GFTittleLabel.swift */; };
		26BE973129B3FD2600682CD2 /* GFBodyLabel.swift in Sources */ = {isa = PBXBuildFile; fileRef = 26BE973029B3FD2600682CD2 /* GFBodyLabel.swift */; };
		26C5204D29B02C03000691B6 /* GFButton.swift in Sources */ = {isa = PBXBuildFile; fileRef = 26C5204C29B02C03000691B6 /* GFButton.swift */; };
		26C5204F29B03CD2000691B6 /* GFTextField.swift in Sources */ = {isa = PBXBuildFile; fileRef = 26C5204E29B03CD2000691B6 /* GFTextField.swift */; };
		26CA0CFB29B82D9E000D7AB2 /* FollowerCell.swift in Sources */ = {isa = PBXBuildFile; fileRef = 26CA0CFA29B82D9E000D7AB2 /* FollowerCell.swift */; };
		26CA0CFD29B82E40000D7AB2 /* GFAvatarImageView.swift in Sources */ = {isa = PBXBuildFile; fileRef = 26CA0CFC29B82E40000D7AB2 /* GFAvatarImageView.swift */; };
		26CC344829AED9CC0041C7B3 /* AppDelegate.swift in Sources */ = {isa = PBXBuildFile; fileRef = 26CC344729AED9CC0041C7B3 /* AppDelegate.swift */; };
		26CC344A29AED9CC0041C7B3 /* SceneDelegate.swift in Sources */ = {isa = PBXBuildFile; fileRef = 26CC344929AED9CC0041C7B3 /* SceneDelegate.swift */; };
		26CC345129AED9D10041C7B3 /* Assets.xcassets in Resources */ = {isa = PBXBuildFile; fileRef = 26CC345029AED9D10041C7B3 /* Assets.xcassets */; };
		26CC345429AED9D10041C7B3 /* LaunchScreen.storyboard in Resources */ = {isa = PBXBuildFile; fileRef = 26CC345229AED9D10041C7B3 /* LaunchScreen.storyboard */; };
		26CC345C29AEEDD40041C7B3 /* SearchVC.swift in Sources */ = {isa = PBXBuildFile; fileRef = 26CC345B29AEEDD40041C7B3 /* SearchVC.swift */; };
		26CC345E29AEEEAF0041C7B3 /* FavoriteListVC.swift in Sources */ = {isa = PBXBuildFile; fileRef = 26CC345D29AEEEAF0041C7B3 /* FavoriteListVC.swift */; };
		26CC547F29B4DC9500F8FB44 /* GFAlertVC.swift in Sources */ = {isa = PBXBuildFile; fileRef = 26CC547E29B4DC9500F8FB44 /* GFAlertVC.swift */; };
		26CC548129B4F86200F8FB44 /* UIViewController+Ext.swift in Sources */ = {isa = PBXBuildFile; fileRef = 26CC548029B4F86200F8FB44 /* UIViewController+Ext.swift */; };
		26CC548829B53E9C00F8FB44 /* Follower.swift in Sources */ = {isa = PBXBuildFile; fileRef = 26CC548729B53E9C00F8FB44 /* Follower.swift */; };
		26CC548A29B5430100F8FB44 /* User.swift in Sources */ = {isa = PBXBuildFile; fileRef = 26CC548929B5430100F8FB44 /* User.swift */; };
		26CC548D29B5872D00F8FB44 /* NetworkManager.swift in Sources */ = {isa = PBXBuildFile; fileRef = 26CC548C29B5872D00F8FB44 /* NetworkManager.swift */; };
		26D3BBB029B28A870083A3D9 /* FollowerListVC.swift in Sources */ = {isa = PBXBuildFile; fileRef = 26D3BBAF29B28A870083A3D9 /* FollowerListVC.swift */; };
		26E77BDF29CA98C900CC3AE8 /* GFUserInfoHeaderVC.swift in Sources */ = {isa = PBXBuildFile; fileRef = 26E77BDE29CA98C800CC3AE8 /* GFUserInfoHeaderVC.swift */; };
		26E77BE129CA998A00CC3AE8 /* GFSecondaryTitleLabel.swift in Sources */ = {isa = PBXBuildFile; fileRef = 26E77BE029CA998A00CC3AE8 /* GFSecondaryTitleLabel.swift */; };
/* End PBXBuildFile section */

/* Begin PBXFileReference section */
		264130E329C76C8600E3982D /* GFEmptyStateView.swift */ = {isa = PBXFileReference; lastKnownFileType = sourcecode.swift; path = GFEmptyStateView.swift; sourceTree = "<group>"; };
		264130E529C7F55E00E3982D /* UserInfoVC.swift */ = {isa = PBXFileReference; lastKnownFileType = sourcecode.swift; path = UserInfoVC.swift; sourceTree = "<group>"; };
		2654220529BBBCB000C0F370 /* UIHelper.swift */ = {isa = PBXFileReference; lastKnownFileType = sourcecode.swift; path = UIHelper.swift; sourceTree = "<group>"; };
		26B25A1929C90C1600178183 /* GFError.swift */ = {isa = PBXFileReference; lastKnownFileType = sourcecode.swift; path = GFError.swift; sourceTree = "<group>"; };
		26BE972E29B3F7DA00682CD2 /* GFTittleLabel.swift */ = {isa = PBXFileReference; lastKnownFileType = sourcecode.swift; path = GFTittleLabel.swift; sourceTree = "<group>"; };
		26BE973029B3FD2600682CD2 /* GFBodyLabel.swift */ = {isa = PBXFileReference; lastKnownFileType = sourcecode.swift; path = GFBodyLabel.swift; sourceTree = "<group>"; };
		26C5204C29B02C03000691B6 /* GFButton.swift */ = {isa = PBXFileReference; lastKnownFileType = sourcecode.swift; path = GFButton.swift; sourceTree = "<group>"; };
		26C5204E29B03CD2000691B6 /* GFTextField.swift */ = {isa = PBXFileReference; lastKnownFileType = sourcecode.swift; path = GFTextField.swift; sourceTree = "<group>"; };
		26CA0CFA29B82D9E000D7AB2 /* FollowerCell.swift */ = {isa = PBXFileReference; lastKnownFileType = sourcecode.swift; path = FollowerCell.swift; sourceTree = "<group>"; };
		26CA0CFC29B82E40000D7AB2 /* GFAvatarImageView.swift */ = {isa = PBXFileReference; lastKnownFileType = sourcecode.swift; path = GFAvatarImageView.swift; sourceTree = "<group>"; };
		26CC344429AED9CC0041C7B3 /* GHFollowers.app */ = {isa = PBXFileReference; explicitFileType = wrapper.application; includeInIndex = 0; path = GHFollowers.app; sourceTree = BUILT_PRODUCTS_DIR; };
		26CC344729AED9CC0041C7B3 /* AppDelegate.swift */ = {isa = PBXFileReference; lastKnownFileType = sourcecode.swift; path = AppDelegate.swift; sourceTree = "<group>"; };
		26CC344929AED9CC0041C7B3 /* SceneDelegate.swift */ = {isa = PBXFileReference; lastKnownFileType = sourcecode.swift; path = SceneDelegate.swift; sourceTree = "<group>"; };
		26CC345029AED9D10041C7B3 /* Assets.xcassets */ = {isa = PBXFileReference; lastKnownFileType = folder.assetcatalog; path = Assets.xcassets; sourceTree = "<group>"; };
		26CC345329AED9D10041C7B3 /* Base */ = {isa = PBXFileReference; lastKnownFileType = file.storyboard; name = Base; path = Base.lproj/LaunchScreen.storyboard; sourceTree = "<group>"; };
		26CC345529AED9D10041C7B3 /* Info.plist */ = {isa = PBXFileReference; lastKnownFileType = text.plist.xml; path = Info.plist; sourceTree = "<group>"; };
		26CC345B29AEEDD40041C7B3 /* SearchVC.swift */ = {isa = PBXFileReference; lastKnownFileType = sourcecode.swift; path = SearchVC.swift; sourceTree = "<group>"; };
		26CC345D29AEEEAF0041C7B3 /* FavoriteListVC.swift */ = {isa = PBXFileReference; lastKnownFileType = sourcecode.swift; path = FavoriteListVC.swift; sourceTree = "<group>"; };
		26CC547E29B4DC9500F8FB44 /* GFAlertVC.swift */ = {isa = PBXFileReference; lastKnownFileType = sourcecode.swift; path = GFAlertVC.swift; sourceTree = "<group>"; };
		26CC548029B4F86200F8FB44 /* UIViewController+Ext.swift */ = {isa = PBXFileReference; lastKnownFileType = sourcecode.swift; path = "UIViewController+Ext.swift"; sourceTree = "<group>"; };
		26CC548729B53E9C00F8FB44 /* Follower.swift */ = {isa = PBXFileReference; lastKnownFileType = sourcecode.swift; path = Follower.swift; sourceTree = "<group>"; };
		26CC548929B5430100F8FB44 /* User.swift */ = {isa = PBXFileReference; lastKnownFileType = sourcecode.swift; path = User.swift; sourceTree = "<group>"; };
		26CC548C29B5872D00F8FB44 /* NetworkManager.swift */ = {isa = PBXFileReference; lastKnownFileType = sourcecode.swift; path = NetworkManager.swift; sourceTree = "<group>"; };
		26D3BBAF29B28A870083A3D9 /* FollowerListVC.swift */ = {isa = PBXFileReference; lastKnownFileType = sourcecode.swift; path = FollowerListVC.swift; sourceTree = "<group>"; };
		26E77BDE29CA98C800CC3AE8 /* GFUserInfoHeaderVC.swift */ = {isa = PBXFileReference; lastKnownFileType = sourcecode.swift; path = GFUserInfoHeaderVC.swift; sourceTree = "<group>"; };
		26E77BE029CA998A00CC3AE8 /* GFSecondaryTitleLabel.swift */ = {isa = PBXFileReference; lastKnownFileType = sourcecode.swift; path = GFSecondaryTitleLabel.swift; sourceTree = "<group>"; };
/* End PBXFileReference section */

/* Begin PBXFrameworksBuildPhase section */
		26CC344129AED9CB0041C7B3 /* Frameworks */ = {
			isa = PBXFrameworksBuildPhase;
			buildActionMask = 2147483647;
			files = (
			);
			runOnlyForDeploymentPostprocessing = 0;
		};
/* End PBXFrameworksBuildPhase section */

/* Begin PBXGroup section */
		264130DC29C7635600E3982D /* Views */ = {
			isa = PBXGroup;
			children = (
				264130E329C76C8600E3982D /* GFEmptyStateView.swift */,
			);
			path = Views;
			sourceTree = "<group>";
		};
		264130DD29C7635F00E3982D /* Buttons */ = {
			isa = PBXGroup;
			children = (
				26C5204C29B02C03000691B6 /* GFButton.swift */,
			);
			path = Buttons;
			sourceTree = "<group>";
		};
		264130DE29C7637200E3982D /* Textfields */ = {
			isa = PBXGroup;
			children = (
				26C5204E29B03CD2000691B6 /* GFTextField.swift */,
			);
			path = Textfields;
			sourceTree = "<group>";
		};
		264130DF29C7638A00E3982D /* ImageViews */ = {
			isa = PBXGroup;
			children = (
				26CA0CFC29B82E40000D7AB2 /* GFAvatarImageView.swift */,
			);
			path = ImageViews;
			sourceTree = "<group>";
		};
		264130E129C763DB00E3982D /* ViewControllers */ = {
			isa = PBXGroup;
			children = (
				26CC547E29B4DC9500F8FB44 /* GFAlertVC.swift */,
				26E77BDE29CA98C800CC3AE8 /* GFUserInfoHeaderVC.swift */,
			);
			path = ViewControllers;
			sourceTree = "<group>";
		};
		264130E229C763EA00E3982D /* Labels */ = {
			isa = PBXGroup;
			children = (
				26BE972E29B3F7DA00682CD2 /* GFTittleLabel.swift */,
				26BE973029B3FD2600682CD2 /* GFBodyLabel.swift */,
				26E77BE029CA998A00CC3AE8 /* GFSecondaryTitleLabel.swift */,
			);
			path = Labels;
			sourceTree = "<group>";
		};
		26CA0CF929B82D54000D7AB2 /* Cells */ = {
			isa = PBXGroup;
			children = (
				26CA0CFA29B82D9E000D7AB2 /* FollowerCell.swift */,
			);
			path = Cells;
			sourceTree = "<group>";
		};
		26CC343B29AED9CB0041C7B3 = {
			isa = PBXGroup;
			children = (
				26CC344629AED9CC0041C7B3 /* GHFollowers */,
				26CC548529B52B3400F8FB44 /* Support */,
				26CC344529AED9CC0041C7B3 /* Products */,
			);
			sourceTree = "<group>";
		};
		26CC344529AED9CC0041C7B3 /* Products */ = {
			isa = PBXGroup;
			children = (
				26CC344429AED9CC0041C7B3 /* GHFollowers.app */,
			);
			name = Products;
			sourceTree = "<group>";
		};
		26CC344629AED9CC0041C7B3 /* GHFollowers */ = {
			isa = PBXGroup;
			children = (
				26CC345529AED9D10041C7B3 /* Info.plist */,
				26E457DA29B6D271007D4EC0 /* Utilities */,
				26CC548B29B5871400F8FB44 /* Managers */,
				26CC548629B53E8300F8FB44 /* Model */,
				26CC548429B52AD200F8FB44 /* Extension */,
				26CC548329B52AA800F8FB44 /* Custom Views */,
				26CC548229B52A7400F8FB44 /* Screens */,
			);
			path = GHFollowers;
			sourceTree = "<group>";
		};
		26CC548229B52A7400F8FB44 /* Screens */ = {
			isa = PBXGroup;
			children = (
				26CC345D29AEEEAF0041C7B3 /* FavoriteListVC.swift */,
				26D3BBAF29B28A870083A3D9 /* FollowerListVC.swift */,
				26CC345B29AEEDD40041C7B3 /* SearchVC.swift */,
				264130E529C7F55E00E3982D /* UserInfoVC.swift */,
			);
			path = Screens;
			sourceTree = "<group>";
		};
		26CC548329B52AA800F8FB44 /* Custom Views */ = {
			isa = PBXGroup;
			children = (
				264130E229C763EA00E3982D /* Labels */,
				264130E129C763DB00E3982D /* ViewControllers */,
				264130DF29C7638A00E3982D /* ImageViews */,
				264130DE29C7637200E3982D /* Textfields */,
				264130DD29C7635F00E3982D /* Buttons */,
				264130DC29C7635600E3982D /* Views */,
				26CA0CF929B82D54000D7AB2 /* Cells */,
			);
			path = "Custom Views";
			sourceTree = "<group>";
		};
		26CC548429B52AD200F8FB44 /* Extension */ = {
			isa = PBXGroup;
			children = (
				26CC548029B4F86200F8FB44 /* UIViewController+Ext.swift */,
			);
			path = Extension;
			sourceTree = "<group>";
		};
		26CC548529B52B3400F8FB44 /* Support */ = {
			isa = PBXGroup;
			children = (
				26CC344729AED9CC0041C7B3 /* AppDelegate.swift */,
				26CC344929AED9CC0041C7B3 /* SceneDelegate.swift */,
				26CC345029AED9D10041C7B3 /* Assets.xcassets */,
				26CC345229AED9D10041C7B3 /* LaunchScreen.storyboard */,
			);
			path = Support;
			sourceTree = "<group>";
		};
		26CC548629B53E8300F8FB44 /* Model */ = {
			isa = PBXGroup;
			children = (
				26CC548729B53E9C00F8FB44 /* Follower.swift */,
				26CC548929B5430100F8FB44 /* User.swift */,
			);
			path = Model;
			sourceTree = "<group>";
		};
		26CC548B29B5871400F8FB44 /* Managers */ = {
			isa = PBXGroup;
			children = (
				26CC548C29B5872D00F8FB44 /* NetworkManager.swift */,
			);
			path = Managers;
			sourceTree = "<group>";
		};
		26E457DA29B6D271007D4EC0 /* Utilities */ = {
			isa = PBXGroup;
			children = (
				2654220529BBBCB000C0F370 /* UIHelper.swift */,
				26B25A1929C90C1600178183 /* GFError.swift */,
			);
			path = Utilities;
			sourceTree = "<group>";
		};
/* End PBXGroup section */

/* Begin PBXNativeTarget section */
		26CC344329AED9CB0041C7B3 /* GHFollowers */ = {
			isa = PBXNativeTarget;
			buildConfigurationList = 26CC345829AED9D10041C7B3 /* Build configuration list for PBXNativeTarget "GHFollowers" */;
			buildPhases = (
				26CC344029AED9CB0041C7B3 /* Sources */,
				26CC344129AED9CB0041C7B3 /* Frameworks */,
				26CC344229AED9CB0041C7B3 /* Resources */,
			);
			buildRules = (
			);
			dependencies = (
			);
			name = GHFollowers;
			productName = GHFollowers;
			productReference = 26CC344429AED9CC0041C7B3 /* GHFollowers.app */;
			productType = "com.apple.product-type.application";
		};
/* End PBXNativeTarget section */

/* Begin PBXProject section */
		26CC343C29AED9CB0041C7B3 /* Project object */ = {
			isa = PBXProject;
			attributes = {
				BuildIndependentTargetsInParallel = 1;
				LastSwiftUpdateCheck = 1410;
				LastUpgradeCheck = 1410;
				TargetAttributes = {
					26CC344329AED9CB0041C7B3 = {
						CreatedOnToolsVersion = 14.1;
					};
				};
			};
			buildConfigurationList = 26CC343F29AED9CB0041C7B3 /* Build configuration list for PBXProject "GHFollowers" */;
			compatibilityVersion = "Xcode 14.0";
			developmentRegion = en;
			hasScannedForEncodings = 0;
			knownRegions = (
				en,
				Base,
			);
			mainGroup = 26CC343B29AED9CB0041C7B3;
			productRefGroup = 26CC344529AED9CC0041C7B3 /* Products */;
			projectDirPath = "";
			projectRoot = "";
			targets = (
				26CC344329AED9CB0041C7B3 /* GHFollowers */,
			);
		};
/* End PBXProject section */

/* Begin PBXResourcesBuildPhase section */
		26CC344229AED9CB0041C7B3 /* Resources */ = {
			isa = PBXResourcesBuildPhase;
			buildActionMask = 2147483647;
			files = (
				26CC345429AED9D10041C7B3 /* LaunchScreen.storyboard in Resources */,
				26CC345129AED9D10041C7B3 /* Assets.xcassets in Resources */,
			);
			runOnlyForDeploymentPostprocessing = 0;
		};
/* End PBXResourcesBuildPhase section */

/* Begin PBXSourcesBuildPhase section */
		26CC344029AED9CB0041C7B3 /* Sources */ = {
			isa = PBXSourcesBuildPhase;
			buildActionMask = 2147483647;
			files = (
				26CC548A29B5430100F8FB44 /* User.swift in Sources */,
				26C5204F29B03CD2000691B6 /* GFTextField.swift in Sources */,
				26BE972F29B3F7DA00682CD2 /* GFTittleLabel.swift in Sources */,
				26CC345C29AEEDD40041C7B3 /* SearchVC.swift in Sources */,
				26CC548129B4F86200F8FB44 /* UIViewController+Ext.swift in Sources */,
				2654220629BBBCB100C0F370 /* UIHelper.swift in Sources */,
				26CA0CFD29B82E40000D7AB2 /* GFAvatarImageView.swift in Sources */,
				26CC547F29B4DC9500F8FB44 /* GFAlertVC.swift in Sources */,
				26C5204D29B02C03000691B6 /* GFButton.swift in Sources */,
				26CA0CFB29B82D9E000D7AB2 /* FollowerCell.swift in Sources */,
				26BE973129B3FD2600682CD2 /* GFBodyLabel.swift in Sources */,
				26E77BDF29CA98C900CC3AE8 /* GFUserInfoHeaderVC.swift in Sources */,
				26B25A1A29C90C1600178183 /* GFError.swift in Sources */,
				26CC548829B53E9C00F8FB44 /* Follower.swift in Sources */,
				26CC345E29AEEEAF0041C7B3 /* FavoriteListVC.swift in Sources */,
				26E77BE129CA998A00CC3AE8 /* GFSecondaryTitleLabel.swift in Sources */,
				264130E429C76C8600E3982D /* GFEmptyStateView.swift in Sources */,
				26CC548D29B5872D00F8FB44 /* NetworkManager.swift in Sources */,
				26CC344829AED9CC0041C7B3 /* AppDelegate.swift in Sources */,
				26CC344A29AED9CC0041C7B3 /* SceneDelegate.swift in Sources */,
				26D3BBB029B28A870083A3D9 /* FollowerListVC.swift in Sources */,
				264130E629C7F55E00E3982D /* UserInfoVC.swift in Sources */,
			);
			runOnlyForDeploymentPostprocessing = 0;
		};
/* End PBXSourcesBuildPhase section */

/* Begin PBXVariantGroup section */
		26CC345229AED9D10041C7B3 /* LaunchScreen.storyboard */ = {
			isa = PBXVariantGroup;
			children = (
				26CC345329AED9D10041C7B3 /* Base */,
			);
			name = LaunchScreen.storyboard;
			sourceTree = "<group>";
		};
/* End PBXVariantGroup section */

/* Begin XCBuildConfiguration section */
		26CC345629AED9D10041C7B3 /* Debug */ = {
			isa = XCBuildConfiguration;
			buildSettings = {
				ALWAYS_SEARCH_USER_PATHS = NO;
				CLANG_ANALYZER_NONNULL = YES;
				CLANG_ANALYZER_NUMBER_OBJECT_CONVERSION = YES_AGGRESSIVE;
				CLANG_CXX_LANGUAGE_STANDARD = "gnu++20";
				CLANG_ENABLE_MODULES = YES;
				CLANG_ENABLE_OBJC_ARC = YES;
				CLANG_ENABLE_OBJC_WEAK = YES;
				CLANG_WARN_BLOCK_CAPTURE_AUTORELEASING = YES;
				CLANG_WARN_BOOL_CONVERSION = YES;
				CLANG_WARN_COMMA = YES;
				CLANG_WARN_CONSTANT_CONVERSION = YES;
				CLANG_WARN_DEPRECATED_OBJC_IMPLEMENTATIONS = YES;
				CLANG_WARN_DIRECT_OBJC_ISA_USAGE = YES_ERROR;
				CLANG_WARN_DOCUMENTATION_COMMENTS = YES;
				CLANG_WARN_EMPTY_BODY = YES;
				CLANG_WARN_ENUM_CONVERSION = YES;
				CLANG_WARN_INFINITE_RECURSION = YES;
				CLANG_WARN_INT_CONVERSION = YES;
				CLANG_WARN_NON_LITERAL_NULL_CONVERSION = YES;
				CLANG_WARN_OBJC_IMPLICIT_RETAIN_SELF = YES;
				CLANG_WARN_OBJC_LITERAL_CONVERSION = YES;
				CLANG_WARN_OBJC_ROOT_CLASS = YES_ERROR;
				CLANG_WARN_QUOTED_INCLUDE_IN_FRAMEWORK_HEADER = YES;
				CLANG_WARN_RANGE_LOOP_ANALYSIS = YES;
				CLANG_WARN_STRICT_PROTOTYPES = YES;
				CLANG_WARN_SUSPICIOUS_MOVE = YES;
				CLANG_WARN_UNGUARDED_AVAILABILITY = YES_AGGRESSIVE;
				CLANG_WARN_UNREACHABLE_CODE = YES;
				CLANG_WARN__DUPLICATE_METHOD_MATCH = YES;
				COPY_PHASE_STRIP = NO;
				DEBUG_INFORMATION_FORMAT = dwarf;
				ENABLE_STRICT_OBJC_MSGSEND = YES;
				ENABLE_TESTABILITY = YES;
				GCC_C_LANGUAGE_STANDARD = gnu11;
				GCC_DYNAMIC_NO_PIC = NO;
				GCC_NO_COMMON_BLOCKS = YES;
				GCC_OPTIMIZATION_LEVEL = 0;
				GCC_PREPROCESSOR_DEFINITIONS = (
					"DEBUG=1",
					"$(inherited)",
				);
				GCC_WARN_64_TO_32_BIT_CONVERSION = YES;
				GCC_WARN_ABOUT_RETURN_TYPE = YES_ERROR;
				GCC_WARN_UNDECLARED_SELECTOR = YES;
				GCC_WARN_UNINITIALIZED_AUTOS = YES_AGGRESSIVE;
				GCC_WARN_UNUSED_FUNCTION = YES;
				GCC_WARN_UNUSED_VARIABLE = YES;
				IPHONEOS_DEPLOYMENT_TARGET = 16.1;
				MTL_ENABLE_DEBUG_INFO = INCLUDE_SOURCE;
				MTL_FAST_MATH = YES;
				ONLY_ACTIVE_ARCH = YES;
				SDKROOT = iphoneos;
				SWIFT_ACTIVE_COMPILATION_CONDITIONS = DEBUG;
				SWIFT_OPTIMIZATION_LEVEL = "-Onone";
			};
			name = Debug;
		};
		26CC345729AED9D10041C7B3 /* Release */ = {
			isa = XCBuildConfiguration;
			buildSettings = {
				ALWAYS_SEARCH_USER_PATHS = NO;
				CLANG_ANALYZER_NONNULL = YES;
				CLANG_ANALYZER_NUMBER_OBJECT_CONVERSION = YES_AGGRESSIVE;
				CLANG_CXX_LANGUAGE_STANDARD = "gnu++20";
				CLANG_ENABLE_MODULES = YES;
				CLANG_ENABLE_OBJC_ARC = YES;
				CLANG_ENABLE_OBJC_WEAK = YES;
				CLANG_WARN_BLOCK_CAPTURE_AUTORELEASING = YES;
				CLANG_WARN_BOOL_CONVERSION = YES;
				CLANG_WARN_COMMA = YES;
				CLANG_WARN_CONSTANT_CONVERSION = YES;
				CLANG_WARN_DEPRECATED_OBJC_IMPLEMENTATIONS = YES;
				CLANG_WARN_DIRECT_OBJC_ISA_USAGE = YES_ERROR;
				CLANG_WARN_DOCUMENTATION_COMMENTS = YES;
				CLANG_WARN_EMPTY_BODY = YES;
				CLANG_WARN_ENUM_CONVERSION = YES;
				CLANG_WARN_INFINITE_RECURSION = YES;
				CLANG_WARN_INT_CONVERSION = YES;
				CLANG_WARN_NON_LITERAL_NULL_CONVERSION = YES;
				CLANG_WARN_OBJC_IMPLICIT_RETAIN_SELF = YES;
				CLANG_WARN_OBJC_LITERAL_CONVERSION = YES;
				CLANG_WARN_OBJC_ROOT_CLASS = YES_ERROR;
				CLANG_WARN_QUOTED_INCLUDE_IN_FRAMEWORK_HEADER = YES;
				CLANG_WARN_RANGE_LOOP_ANALYSIS = YES;
				CLANG_WARN_STRICT_PROTOTYPES = YES;
				CLANG_WARN_SUSPICIOUS_MOVE = YES;
				CLANG_WARN_UNGUARDED_AVAILABILITY = YES_AGGRESSIVE;
				CLANG_WARN_UNREACHABLE_CODE = YES;
				CLANG_WARN__DUPLICATE_METHOD_MATCH = YES;
				COPY_PHASE_STRIP = NO;
				DEBUG_INFORMATION_FORMAT = "dwarf-with-dsym";
				ENABLE_NS_ASSERTIONS = NO;
				ENABLE_STRICT_OBJC_MSGSEND = YES;
				GCC_C_LANGUAGE_STANDARD = gnu11;
				GCC_NO_COMMON_BLOCKS = YES;
				GCC_WARN_64_TO_32_BIT_CONVERSION = YES;
				GCC_WARN_ABOUT_RETURN_TYPE = YES_ERROR;
				GCC_WARN_UNDECLARED_SELECTOR = YES;
				GCC_WARN_UNINITIALIZED_AUTOS = YES_AGGRESSIVE;
				GCC_WARN_UNUSED_FUNCTION = YES;
				GCC_WARN_UNUSED_VARIABLE = YES;
				IPHONEOS_DEPLOYMENT_TARGET = 16.1;
				MTL_ENABLE_DEBUG_INFO = NO;
				MTL_FAST_MATH = YES;
				SDKROOT = iphoneos;
				SWIFT_COMPILATION_MODE = wholemodule;
				SWIFT_OPTIMIZATION_LEVEL = "-O";
				VALIDATE_PRODUCT = YES;
			};
			name = Release;
		};
		26CC345929AED9D10041C7B3 /* Debug */ = {
			isa = XCBuildConfiguration;
			buildSettings = {
				ASSETCATALOG_COMPILER_APPICON_NAME = AppIcon;
				ASSETCATALOG_COMPILER_GLOBAL_ACCENT_COLOR_NAME = AccentColor;
				CODE_SIGN_STYLE = Automatic;
				CURRENT_PROJECT_VERSION = 1;
				DEVELOPMENT_TEAM = 8T82Y44ZA6;
				GENERATE_INFOPLIST_FILE = YES;
				INFOPLIST_FILE = GHFollowers/Info.plist;
				INFOPLIST_KEY_UIApplicationSupportsIndirectInputEvents = YES;
				INFOPLIST_KEY_UILaunchStoryboardName = LaunchScreen;
				INFOPLIST_KEY_UISupportedInterfaceOrientations = UIInterfaceOrientationPortrait;
				INFOPLIST_KEY_UISupportedInterfaceOrientations_iPad = "UIInterfaceOrientationLandscapeLeft UIInterfaceOrientationLandscapeRight UIInterfaceOrientationPortrait UIInterfaceOrientationPortraitUpsideDown";
				LD_RUNPATH_SEARCH_PATHS = (
					"$(inherited)",
					"@executable_path/Frameworks",
				);
				MARKETING_VERSION = 1.0;
				PRODUCT_BUNDLE_IDENTIFIER = "com.Ben-Reeps.GHFollowers";
				PRODUCT_NAME = "$(TARGET_NAME)";
				SUPPORTED_PLATFORMS = "iphoneos iphonesimulator";
				SUPPORTS_MACCATALYST = NO;
				SUPPORTS_MAC_DESIGNED_FOR_IPHONE_IPAD = NO;
				SWIFT_EMIT_LOC_STRINGS = YES;
				SWIFT_VERSION = 5.0;
				TARGETED_DEVICE_FAMILY = 1;
			};
			name = Debug;
		};
		26CC345A29AED9D10041C7B3 /* Release */ = {
			isa = XCBuildConfiguration;
			buildSettings = {
				ASSETCATALOG_COMPILER_APPICON_NAME = AppIcon;
				ASSETCATALOG_COMPILER_GLOBAL_ACCENT_COLOR_NAME = AccentColor;
				CODE_SIGN_STYLE = Automatic;
				CURRENT_PROJECT_VERSION = 1;
				DEVELOPMENT_TEAM = 8T82Y44ZA6;
				GENERATE_INFOPLIST_FILE = YES;
				INFOPLIST_FILE = GHFollowers/Info.plist;
				INFOPLIST_KEY_UIApplicationSupportsIndirectInputEvents = YES;
				INFOPLIST_KEY_UILaunchStoryboardName = LaunchScreen;
				INFOPLIST_KEY_UISupportedInterfaceOrientations = UIInterfaceOrientationPortrait;
				INFOPLIST_KEY_UISupportedInterfaceOrientations_iPad = "UIInterfaceOrientationLandscapeLeft UIInterfaceOrientationLandscapeRight UIInterfaceOrientationPortrait UIInterfaceOrientationPortraitUpsideDown";
				LD_RUNPATH_SEARCH_PATHS = (
					"$(inherited)",
					"@executable_path/Frameworks",
				);
				MARKETING_VERSION = 1.0;
				PRODUCT_BUNDLE_IDENTIFIER = "com.Ben-Reeps.GHFollowers";
				PRODUCT_NAME = "$(TARGET_NAME)";
				SUPPORTED_PLATFORMS = "iphoneos iphonesimulator";
				SUPPORTS_MACCATALYST = NO;
				SUPPORTS_MAC_DESIGNED_FOR_IPHONE_IPAD = NO;
				SWIFT_EMIT_LOC_STRINGS = YES;
				SWIFT_VERSION = 5.0;
				TARGETED_DEVICE_FAMILY = 1;
			};
			name = Release;
		};
/* End XCBuildConfiguration section */

/* Begin XCConfigurationList section */
		26CC343F29AED9CB0041C7B3 /* Build configuration list for PBXProject "GHFollowers" */ = {
			isa = XCConfigurationList;
			buildConfigurations = (
				26CC345629AED9D10041C7B3 /* Debug */,
				26CC345729AED9D10041C7B3 /* Release */,
			);
			defaultConfigurationIsVisible = 0;
			defaultConfigurationName = Release;
		};
		26CC345829AED9D10041C7B3 /* Build configuration list for PBXNativeTarget "GHFollowers" */ = {
			isa = XCConfigurationList;
			buildConfigurations = (
				26CC345929AED9D10041C7B3 /* Debug */,
				26CC345A29AED9D10041C7B3 /* Release */,
			);
			defaultConfigurationIsVisible = 0;
			defaultConfigurationName = Release;
		};
/* End XCConfigurationList section */
	};
	rootObject = 26CC343C29AED9CB0041C7B3 /* Project object */;
}
